{
  "version": 4,
  "terraform_version": "0.12.29",
  "serial": 47,
  "lineage": "53be96dc-2a84-56a4-494c-bf5a1f6b3af4",
  "outputs": {},
  "resources": [
    {
      "mode": "data",
      "type": "oneview_scope",
      "name": "scope",
      "provider": "provider.oneview",
      "instances": [
        {
          "schema_version": 0,
          "attributes": {
            "added_resource_uris": [],
            "appliance_id": "e09fd426-8c70-4fa1-bc8c-7e3aaf586a8a",
            "category": "scopes",
            "description": "",
            "etag": "\"2021-01-07T12:31:17.501Z/2021-01-07T12:31:17.501Z\"",
            "ext_attributes": null,
            "id": "test",
            "initial_scope_uris": [],
            "name": "test",
            "old_uri": "null",
            "removed_resource_uris": [],
            "scopes_uri": "/rest/scopes/resources/rest/scopes/5f601184-9edf-45c4-9c19-04866ab1e686",
            "state": "",
            "type": "ScopeV3",
            "uri": "/rest/scopes/5f601184-9edf-45c4-9c19-04866ab1e686"
          }
        }
      ]
    },
    {
      "mode": "managed",
      "type": "oneview_server_profile",
      "name": "SP",
      "provider": "provider.oneview",
      "instances": [
        {
          "schema_version": 0,
          "attributes": {
            "affinity": "Bay",
            "bios_option": [],
            "boot_mode": [],
            "boot_order": null,
            "enclosure_group": "test_EG",
            "firmware": [],
            "hardware_name": "0000A66101, bay 3",
            "hardware_uri": "/rest/server-hardware/30373737-3237-4D32-3230-333030314752",
            "hide_unused_flex_nics": true,
            "hw_filter": null,
            "id": "TestSP_Renamed",
            "ilo_ip": "172.18.6.4",
            "initial_scope_uris": [
              "/rest/scopes/5f601184-9edf-45c4-9c19-04866ab1e686"
            ],
            "local_storage": [],
            "logical_drives": [],
            "mac_type": "Virtual",
            "manage_connections": null,
            "name": "TestSP_Renamed",
            "network": [],
            "options": [],
            "os_deployment_settings": [],
            "power_state": null,
            "public_connection": null,
            "public_mac": null,
            "public_slot_id": null,
            "san_storage": [],
            "serial_number": "VCGISZ1000",
            "serial_number_type": "Virtual",
            "server_hardware_type": "SY 660 Gen9 2",
            "template": null,
            "type": "ServerProfileV12",
            "update_type": "put",
            "uri": "/rest/server-profiles/f263460d-e044-46fc-8702-498df571f538",
            "volume_attachments": [],
            "wwn_type": "Virtual"
          },
          "private": "bnVsbA=="
        }
      ]
    }
  ]
}
